github.com/brianvoe/gofakeit/v7 v7.14.0 h1:R8tmT/rTDJmD2ngpqBL9rAKydiL7Qr2u3CXPqRt59pk=
github.com/brianvoe/gofakeit/v7 v7.14.0/go.mod h1:QXuPeBw164PJCzCUZVmgpgHJ3Llj49jSLVkKPMtxtxA=
github.com/sariya23/probatigo v0.1.2 h1:CsMY1tm2tnetudc3+QfWt4rRWAv3TlYQJ/HNo4E3snc=
github.com/sariya23/probatigo v0.1.2/go.mod h1:AbSmCylz/XmJxSRMGhpdHmUgO7I+z1dE2m5Bq5VUKL8=
